
Microsoft Visual Studio Solution File, Format Version 12.00
# Visual Studio Version 17
VisualStudioVersion = 17.0.31903.59
MinimumVisualStudioVersion = 10.0.40219.1
Project("{2150E333-8FDC-42A3-9474-1A3956D46DE8}") = "samples", "samples", "{5D20AA90-6969-D8BD-9DCD-8634F4692FDA}"
EndProject
Project("{2150E333-8FDC-42A3-9474-1A3956D46DE8}") = "ProductSalesAnomalyDetection", "ProductSalesAnomalyDetection", "{C0234C6C-88CA-2BFD-7700-DED213D113ED}"
EndProject
Project("{2150E333-8FDC-42A3-9474-1A3956D46DE8}") = "src", "src", "{38E400A2-75D1-F011-F44B-EEBEBCC1A21E}"
EndProject
Project("{FAE04EC0-301F-11D3-BF4B-00C04F79EFBC}") = "ProductSalesAnomalyDetection", "samples\ProductSalesAnomalyDetection\src\ProductSalesAnomalyDetection.csproj", "{7659D9BD-C748-48A8-AE2C-0BAA7595861B}"
EndProject
Project("{2150E333-8FDC-42A3-9474-1A3956D46DE8}") = "SentimentAnalysis", "SentimentAnalysis", "{E4A9E396-8A8E-AAFD-216E-B78B81B99E65}"
EndProject
Project("{2150E333-8FDC-42A3-9474-1A3956D46DE8}") = "src", "src", "{1E199E46-55B5-9D89-CE86-D18302B6DBF2}"
EndProject
Project("{FAE04EC0-301F-11D3-BF4B-00C04F79EFBC}") = "SentimentAnalysis", "samples\SentimentAnalysis\src\SentimentAnalysis.csproj", "{B540FC20-36A0-4464-856C-22AD404B8EAC}"
EndProject
Project("{2150E333-8FDC-42A3-9474-1A3956D46DE8}") = "MovieRecommender", "MovieRecommender", "{DCBE3514-E754-D86A-EEBA-5488378CA8D7}"
EndProject
Project("{2150E333-8FDC-42A3-9474-1A3956D46DE8}") = "src", "src", "{516180BD-8116-B6DF-87A3-11459EE93CF3}"
EndProject
Project("{FAE04EC0-301F-11D3-BF4B-00C04F79EFBC}") = "MovieRecommender", "samples\MovieRecommender\src\MovieRecommender.csproj", "{3E6FD64A-4997-41AA-8A26-DD7BEB70BF8F}"
EndProject
Project("{2150E333-8FDC-42A3-9474-1A3956D46DE8}") = "TransferLearningTF", "TransferLearningTF", "{1FD43EFD-3180-A38C-F1D0-05A12F5CDFF8}"
EndProject
Project("{2150E333-8FDC-42A3-9474-1A3956D46DE8}") = "src", "src", "{431C9A2F-8C06-9AC9-CDED-9C2B82DF932E}"
EndProject
Project("{FAE04EC0-301F-11D3-BF4B-00C04F79EFBC}") = "TransferLearningTF", "samples\TransferLearningTF\src\TransferLearningTF.csproj", "{A6A7EB42-1506-4CC9-AE2D-B3FDDB281CF6}"
EndProject
Project("{2150E333-8FDC-42A3-9474-1A3956D46DE8}") = "ObjectDetection", "ObjectDetection", "{4C476081-92FE-E064-722B-831E1C3941E5}"
EndProject
Project("{2150E333-8FDC-42A3-9474-1A3956D46DE8}") = "src", "src", "{47758A0A-82BD-EF98-AF60-31ED756A8A9C}"
EndProject
Project("{FAE04EC0-301F-11D3-BF4B-00C04F79EFBC}") = "ObjectDetection", "samples\ObjectDetection\src\ObjectDetection.csproj", "{4DA71E38-1AF3-4231-AD73-1FFC1862913A}"
EndProject
Project("{2150E333-8FDC-42A3-9474-1A3956D46DE8}") = "Solution Items", "Solution Items", "{8EC462FD-D22E-90A8-E5CE-7E832BA40C5D}"
	ProjectSection(SolutionItems) = preProject
		README.md = README.md
	EndProjectSection
EndProject
Project("{2150E333-8FDC-42A3-9474-1A3956D46DE8}") = "assets", "assets", "{02EA681E-C7D8-13C7-8484-4AC65E1B71E8}"
EndProject
Project("{2150E333-8FDC-42A3-9474-1A3956D46DE8}") = "images", "images", "{FC820E53-2430-4E28-935A-43D8CA6D8B44}"
	ProjectSection(SolutionItems) = preProject
		..\Tài liệu\TransferLearning\assets\images\broccoli.jpg = ..\Tài liệu\TransferLearning\assets\images\broccoli.jpg
		..\Tài liệu\TransferLearning\assets\images\broccoli2.jpg = ..\Tài liệu\TransferLearning\assets\images\broccoli2.jpg
		..\Tài liệu\TransferLearning\assets\images\pizza.jpg = ..\Tài liệu\TransferLearning\assets\images\pizza.jpg
		..\Tài liệu\TransferLearning\assets\images\pizza2.jpg = ..\Tài liệu\TransferLearning\assets\images\pizza2.jpg
		..\Tài liệu\TransferLearning\assets\images\pizza3.jpg = ..\Tài liệu\TransferLearning\assets\images\pizza3.jpg
		..\Tài liệu\TransferLearning\assets\images\tags.tsv = ..\Tài liệu\TransferLearning\assets\images\tags.tsv
		..\Tài liệu\TransferLearning\assets\images\teddy2.jpg = ..\Tài liệu\TransferLearning\assets\images\teddy2.jpg
		..\Tài liệu\TransferLearning\assets\images\teddy3.jpg = ..\Tài liệu\TransferLearning\assets\images\teddy3.jpg
		..\Tài liệu\TransferLearning\assets\images\teddy4.jpg = ..\Tài liệu\TransferLearning\assets\images\teddy4.jpg
		..\Tài liệu\TransferLearning\assets\images\teddy6.jpg = ..\Tài liệu\TransferLearning\assets\images\teddy6.jpg
		..\Tài liệu\TransferLearning\assets\images\test-tags.tsv = ..\Tài liệu\TransferLearning\assets\images\test-tags.tsv
		..\Tài liệu\TransferLearning\assets\images\toaster.jpg = ..\Tài liệu\TransferLearning\assets\images\toaster.jpg
		..\Tài liệu\TransferLearning\assets\images\toaster2.png = ..\Tài liệu\TransferLearning\assets\images\toaster2.png
		..\Tài liệu\TransferLearning\assets\images\toaster3.jpg = ..\Tài liệu\TransferLearning\assets\images\toaster3.jpg
		..\Tài liệu\TransferLearning\assets\images\wikimedia.md = ..\Tài liệu\TransferLearning\assets\images\wikimedia.md
	EndProjectSection
EndProject
Project("{2150E333-8FDC-42A3-9474-1A3956D46DE8}") = "inception", "inception", "{EC0E3EA1-36D6-476E-B6AE-A6BA41F7CFAE}"
	ProjectSection(SolutionItems) = preProject
		..\Tài liệu\TransferLearning\assets\inception\imagenet.csv = ..\Tài liệu\TransferLearning\assets\inception\imagenet.csv
		..\Tài liệu\TransferLearning\assets\inception\imagenet.tsv = ..\Tài liệu\TransferLearning\assets\inception\imagenet.tsv
		..\Tài liệu\TransferLearning\assets\inception\imagenet_comp_graph_label_strings.txt = ..\Tài liệu\TransferLearning\assets\inception\imagenet_comp_graph_label_strings.txt
		..\Tài liệu\TransferLearning\assets\inception\LICENSE = ..\Tài liệu\TransferLearning\assets\inception\LICENSE
		..\Tài liệu\TransferLearning\assets\inception\tensorflow_inception_graph.pb = ..\Tài liệu\TransferLearning\assets\inception\tensorflow_inception_graph.pb
	EndProjectSection
EndProject
Global
	GlobalSection(SolutionConfigurationPlatforms) = preSolution
		Debug|Any CPU = Debug|Any CPU
		Debug|x64 = Debug|x64
		Debug|x86 = Debug|x86
		Release|Any CPU = Release|Any CPU
		Release|x64 = Release|x64
		Release|x86 = Release|x86
	EndGlobalSection
	GlobalSection(ProjectConfigurationPlatforms) = postSolution
		{7659D9BD-C748-48A8-AE2C-0BAA7595861B}.Debug|Any CPU.ActiveCfg = Debug|Any CPU
		{7659D9BD-C748-48A8-AE2C-0BAA7595861B}.Debug|Any CPU.Build.0 = Debug|Any CPU
		{7659D9BD-C748-48A8-AE2C-0BAA7595861B}.Debug|x64.ActiveCfg = Debug|Any CPU
		{7659D9BD-C748-48A8-AE2C-0BAA7595861B}.Debug|x64.Build.0 = Debug|Any CPU
		{7659D9BD-C748-48A8-AE2C-0BAA7595861B}.Debug|x86.ActiveCfg = Debug|Any CPU
		{7659D9BD-C748-48A8-AE2C-0BAA7595861B}.Debug|x86.Build.0 = Debug|Any CPU
		{7659D9BD-C748-48A8-AE2C-0BAA7595861B}.Release|Any CPU.ActiveCfg = Release|Any CPU
		{7659D9BD-C748-48A8-AE2C-0BAA7595861B}.Release|Any CPU.Build.0 = Release|Any CPU
		{7659D9BD-C748-48A8-AE2C-0BAA7595861B}.Release|x64.ActiveCfg = Release|Any CPU
		{7659D9BD-C748-48A8-AE2C-0BAA7595861B}.Release|x64.Build.0 = Release|Any CPU
		{7659D9BD-C748-48A8-AE2C-0BAA7595861B}.Release|x86.ActiveCfg = Release|Any CPU
		{7659D9BD-C748-48A8-AE2C-0BAA7595861B}.Release|x86.Build.0 = Release|Any CPU
		{B540FC20-36A0-4464-856C-22AD404B8EAC}.Debug|Any CPU.ActiveCfg = Debug|Any CPU
		{B540FC20-36A0-4464-856C-22AD404B8EAC}.Debug|Any CPU.Build.0 = Debug|Any CPU
		{B540FC20-36A0-4464-856C-22AD404B8EAC}.Debug|x64.ActiveCfg = Debug|Any CPU
		{B540FC20-36A0-4464-856C-22AD404B8EAC}.Debug|x64.Build.0 = Debug|Any CPU
		{B540FC20-36A0-4464-856C-22AD404B8EAC}.Debug|x86.ActiveCfg = Debug|Any CPU
		{B540FC20-36A0-4464-856C-22AD404B8EAC}.Debug|x86.Build.0 = Debug|Any CPU
		{B540FC20-36A0-4464-856C-22AD404B8EAC}.Release|Any CPU.ActiveCfg = Release|Any CPU
		{B540FC20-36A0-4464-856C-22AD404B8EAC}.Release|Any CPU.Build.0 = Release|Any CPU
		{B540FC20-36A0-4464-856C-22AD404B8EAC}.Release|x64.ActiveCfg = Release|Any CPU
		{B540FC20-36A0-4464-856C-22AD404B8EAC}.Release|x64.Build.0 = Release|Any CPU
		{B540FC20-36A0-4464-856C-22AD404B8EAC}.Release|x86.ActiveCfg = Release|Any CPU
		{B540FC20-36A0-4464-856C-22AD404B8EAC}.Release|x86.Build.0 = Release|Any CPU
		{3E6FD64A-4997-41AA-8A26-DD7BEB70BF8F}.Debug|Any CPU.ActiveCfg = Debug|Any CPU
		{3E6FD64A-4997-41AA-8A26-DD7BEB70BF8F}.Debug|Any CPU.Build.0 = Debug|Any CPU
		{3E6FD64A-4997-41AA-8A26-DD7BEB70BF8F}.Debug|x64.ActiveCfg = Debug|Any CPU
		{3E6FD64A-4997-41AA-8A26-DD7BEB70BF8F}.Debug|x64.Build.0 = Debug|Any CPU
		{3E6FD64A-4997-41AA-8A26-DD7BEB70BF8F}.Debug|x86.ActiveCfg = Debug|Any CPU
		{3E6FD64A-4997-41AA-8A26-DD7BEB70BF8F}.Debug|x86.Build.0 = Debug|Any CPU
		{3E6FD64A-4997-41AA-8A26-DD7BEB70BF8F}.Release|Any CPU.ActiveCfg = Release|Any CPU
		{3E6FD64A-4997-41AA-8A26-DD7BEB70BF8F}.Release|Any CPU.Build.0 = Release|Any CPU
		{3E6FD64A-4997-41AA-8A26-DD7BEB70BF8F}.Release|x64.ActiveCfg = Release|Any CPU
		{3E6FD64A-4997-41AA-8A26-DD7BEB70BF8F}.Release|x64.Build.0 = Release|Any CPU
		{3E6FD64A-4997-41AA-8A26-DD7BEB70BF8F}.Release|x86.ActiveCfg = Release|Any CPU
		{3E6FD64A-4997-41AA-8A26-DD7BEB70BF8F}.Release|x86.Build.0 = Release|Any CPU
		{A6A7EB42-1506-4CC9-AE2D-B3FDDB281CF6}.Debug|Any CPU.ActiveCfg = Debug|Any CPU
		{A6A7EB42-1506-4CC9-AE2D-B3FDDB281CF6}.Debug|Any CPU.Build.0 = Debug|Any CPU
		{A6A7EB42-1506-4CC9-AE2D-B3FDDB281CF6}.Debug|x64.ActiveCfg = Debug|Any CPU
		{A6A7EB42-1506-4CC9-AE2D-B3FDDB281CF6}.Debug|x64.Build.0 = Debug|Any CPU
		{A6A7EB42-1506-4CC9-AE2D-B3FDDB281CF6}.Debug|x86.ActiveCfg = Debug|Any CPU
		{A6A7EB42-1506-4CC9-AE2D-B3FDDB281CF6}.Debug|x86.Build.0 = Debug|Any CPU
		{A6A7EB42-1506-4CC9-AE2D-B3FDDB281CF6}.Release|Any CPU.ActiveCfg = Release|Any CPU
		{A6A7EB42-1506-4CC9-AE2D-B3FDDB281CF6}.Release|Any CPU.Build.0 = Release|Any CPU
		{A6A7EB42-1506-4CC9-AE2D-B3FDDB281CF6}.Release|x64.ActiveCfg = Release|Any CPU
		{A6A7EB42-1506-4CC9-AE2D-B3FDDB281CF6}.Release|x64.Build.0 = Release|Any CPU
		{A6A7EB42-1506-4CC9-AE2D-B3FDDB281CF6}.Release|x86.ActiveCfg = Release|Any CPU
		{A6A7EB42-1506-4CC9-AE2D-B3FDDB281CF6}.Release|x86.Build.0 = Release|Any CPU
		{4DA71E38-1AF3-4231-AD73-1FFC1862913A}.Debug|Any CPU.ActiveCfg = Debug|Any CPU
		{4DA71E38-1AF3-4231-AD73-1FFC1862913A}.Debug|Any CPU.Build.0 = Debug|Any CPU
		{4DA71E38-1AF3-4231-AD73-1FFC1862913A}.Debug|x64.ActiveCfg = Debug|Any CPU
		{4DA71E38-1AF3-4231-AD73-1FFC1862913A}.Debug|x64.Build.0 = Debug|Any CPU
		{4DA71E38-1AF3-4231-AD73-1FFC1862913A}.Debug|x86.ActiveCfg = Debug|Any CPU
		{4DA71E38-1AF3-4231-AD73-1FFC1862913A}.Debug|x86.Build.0 = Debug|Any CPU
		{4DA71E38-1AF3-4231-AD73-1FFC1862913A}.Release|Any CPU.ActiveCfg = Release|Any CPU
		{4DA71E38-1AF3-4231-AD73-1FFC1862913A}.Release|Any CPU.Build.0 = Release|Any CPU
		{4DA71E38-1AF3-4231-AD73-1FFC1862913A}.Release|x64.ActiveCfg = Release|Any CPU
		{4DA71E38-1AF3-4231-AD73-1FFC1862913A}.Release|x64.Build.0 = Release|Any CPU
		{4DA71E38-1AF3-4231-AD73-1FFC1862913A}.Release|x86.ActiveCfg = Release|Any CPU
		{4DA71E38-1AF3-4231-AD73-1FFC1862913A}.Release|x86.Build.0 = Release|Any CPU
	EndGlobalSection
	GlobalSection(SolutionProperties) = preSolution
		HideSolutionNode = FALSE
	EndGlobalSection
	GlobalSection(NestedProjects) = preSolution
		{C0234C6C-88CA-2BFD-7700-DED213D113ED} = {5D20AA90-6969-D8BD-9DCD-8634F4692FDA}
		{38E400A2-75D1-F011-F44B-EEBEBCC1A21E} = {C0234C6C-88CA-2BFD-7700-DED213D113ED}
		{7659D9BD-C748-48A8-AE2C-0BAA7595861B} = {38E400A2-75D1-F011-F44B-EEBEBCC1A21E}
		{E4A9E396-8A8E-AAFD-216E-B78B81B99E65} = {5D20AA90-6969-D8BD-9DCD-8634F4692FDA}
		{1E199E46-55B5-9D89-CE86-D18302B6DBF2} = {E4A9E396-8A8E-AAFD-216E-B78B81B99E65}
		{B540FC20-36A0-4464-856C-22AD404B8EAC} = {1E199E46-55B5-9D89-CE86-D18302B6DBF2}
		{DCBE3514-E754-D86A-EEBA-5488378CA8D7} = {5D20AA90-6969-D8BD-9DCD-8634F4692FDA}
		{516180BD-8116-B6DF-87A3-11459EE93CF3} = {DCBE3514-E754-D86A-EEBA-5488378CA8D7}
		{3E6FD64A-4997-41AA-8A26-DD7BEB70BF8F} = {516180BD-8116-B6DF-87A3-11459EE93CF3}
		{1FD43EFD-3180-A38C-F1D0-05A12F5CDFF8} = {5D20AA90-6969-D8BD-9DCD-8634F4692FDA}
		{431C9A2F-8C06-9AC9-CDED-9C2B82DF932E} = {1FD43EFD-3180-A38C-F1D0-05A12F5CDFF8}
		{A6A7EB42-1506-4CC9-AE2D-B3FDDB281CF6} = {431C9A2F-8C06-9AC9-CDED-9C2B82DF932E}
		{4C476081-92FE-E064-722B-831E1C3941E5} = {5D20AA90-6969-D8BD-9DCD-8634F4692FDA}
		{47758A0A-82BD-EF98-AF60-31ED756A8A9C} = {4C476081-92FE-E064-722B-831E1C3941E5}
		{4DA71E38-1AF3-4231-AD73-1FFC1862913A} = {47758A0A-82BD-EF98-AF60-31ED756A8A9C}
		{02EA681E-C7D8-13C7-8484-4AC65E1B71E8} = {1FD43EFD-3180-A38C-F1D0-05A12F5CDFF8}
		{FC820E53-2430-4E28-935A-43D8CA6D8B44} = {02EA681E-C7D8-13C7-8484-4AC65E1B71E8}
		{EC0E3EA1-36D6-476E-B6AE-A6BA41F7CFAE} = {02EA681E-C7D8-13C7-8484-4AC65E1B71E8}
	EndGlobalSection
	GlobalSection(ExtensibilityGlobals) = postSolution
		SolutionGuid = {1DBBBA74-E47A-43A0-9F79-165F751897A5}
	EndGlobalSection
EndGlobal
